
Microsoft Visual Studio Solution File, Format Version 12.00
# Visual Studio Version 17
VisualStudioVersion = 17.2.32526.322
MinimumVisualStudioVersion = 10.0.40219.1
Project("{9A19103F-16F7-4668-BE54-9A1E7A4F7556}") = "Lox", "Lox\Lox.csproj", "{4E981E50-177C-4F70-92E1-F84F57105B40}"
EndProject
Project("{9A19103F-16F7-4668-BE54-9A1E7A4F7556}") = "LoxInterpreter.Test", "LoxInterpreter.Test\LoxInterpreter.Test.csproj", "{CC13146C-4844-4AFB-86AC-7ACA66F2D756}"
EndProject
Global
	GlobalSection(SolutionConfigurationPlatforms) = preSolution
		Debug|Any CPU = Debug|Any CPU
		Release|Any CPU = Release|Any CPU
	EndGlobalSection
	GlobalSection(ProjectConfigurationPlatforms) = postSolution
		{4E981E50-177C-4F70-92E1-F84F57105B40}.Debug|Any CPU.ActiveCfg = Debug|Any CPU
		{4E981E50-177C-4F70-92E1-F84F57105B40}.Debug|Any CPU.Build.0 = Debug|Any CPU
		{4E981E50-177C-4F70-92E1-F84F57105B40}.Release|Any CPU.ActiveCfg = Release|Any CPU
		{4E981E50-177C-4F70-92E1-F84F57105B40}.Release|Any CPU.Build.0 = Release|Any CPU
		{CC13146C-4844-4AFB-86AC-7ACA66F2D756}.Debug|Any CPU.ActiveCfg = Debug|Any CPU
		{CC13146C-4844-4AFB-86AC-7ACA66F2D756}.Debug|Any CPU.Build.0 = Debug|Any CPU
		{CC13146C-4844-4AFB-86AC-7ACA66F2D756}.Release|Any CPU.ActiveCfg = Release|Any CPU
		{CC13146C-4844-4AFB-86AC-7ACA66F2D756}.Release|Any CPU.Build.0 = Release|Any CPU
	EndGlobalSection
	GlobalSection(SolutionProperties) = preSolution
		HideSolutionNode = FALSE
	EndGlobalSection
	GlobalSection(ExtensibilityGlobals) = postSolution
		SolutionGuid = {B23CFC73-4560-44B0-A618-E5BE05AFD048}
	EndGlobalSection
EndGlobal
